
Microsoft Visual Studio Solution File, Format Version 12.00
# Visual Studio Version 17
VisualStudioVersion = 17.4.33103.184
MinimumVisualStudioVersion = 10.0.40219.1
Project("{FAE04EC0-301F-11D3-BF4B-00C04F79EFBC}") = "webapi.filmes", "webapi.filmes\webapi.filmes.csproj", "{8C838F06-C554-4793-A3E4-298E59333E1C}"
EndProject
Global
	GlobalSection(SolutionConfigurationPlatforms) = preSolution
		Debug|Any CPU = Debug|Any CPU
		Release|Any CPU = Release|Any CPU
	EndGlobalSection
	GlobalSection(ProjectConfigurationPlatforms) = postSolution
		{8C838F06-C554-4793-A3E4-298E59333E1C}.Debug|Any CPU.ActiveCfg = Debug|Any CPU
		{8C838F06-C554-4793-A3E4-298E59333E1C}.Debug|Any CPU.Build.0 = Debug|Any CPU
		{8C838F06-C554-4793-A3E4-298E59333E1C}.Release|Any CPU.ActiveCfg = Release|Any CPU
		{8C838F06-C554-4793-A3E4-298E59333E1C}.Release|Any CPU.Build.0 = Release|Any CPU
	EndGlobalSection
	GlobalSection(SolutionProperties) = preSolution
		HideSolutionNode = FALSE
	EndGlobalSection
	GlobalSection(ExtensibilityGlobals) = postSolution
		SolutionGuid = {E096788C-4B9D-49F4-A390-46831A0C1650}
	EndGlobalSection
EndGlobal
